
Microsoft Visual Studio Solution File, Format Version 12.00
# Visual Studio 15
VisualStudioVersion = 15.0.28307.572
MinimumVisualStudioVersion = 10.0.40219.1
Project("{FAE04EC0-301F-11D3-BF4B-00C04F79EFBC}") = "ball10.7.19", "ball10.7.19\ball10.7.19.csproj", "{D4365DEF-9368-43EB-81E8-C51902C9FF95}"
EndProject
Global
	GlobalSection(SolutionConfigurationPlatforms) = preSolution
		Debug|Any CPU = Debug|Any CPU
		Release|Any CPU = Release|Any CPU
	EndGlobalSection
	GlobalSection(ProjectConfigurationPlatforms) = postSolution
		{D4365DEF-9368-43EB-81E8-C51902C9FF95}.Debug|Any CPU.ActiveCfg = Debug|Any CPU
		{D4365DEF-9368-43EB-81E8-C51902C9FF95}.Debug|Any CPU.Build.0 = Debug|Any CPU
		{D4365DEF-9368-43EB-81E8-C51902C9FF95}.Release|Any CPU.ActiveCfg = Release|Any CPU
		{D4365DEF-9368-43EB-81E8-C51902C9FF95}.Release|Any CPU.Build.0 = Release|Any CPU
	EndGlobalSection
	GlobalSection(SolutionProperties) = preSolution
		HideSolutionNode = FALSE
	EndGlobalSection
	GlobalSection(ExtensibilityGlobals) = postSolution
		SolutionGuid = {D3BA590B-B287-419E-917C-7C3C70CE537F}
	EndGlobalSection
EndGlobal
